Microsoft Visual Studio Solution File, Format Version 12.00
# Visual Studio 2012
Project("{FAE04EC0-301F-11D3-BF4B-00C04F79EFBC}") = "Project 4", "Project 4.csproj", "{833D3DE4-75D0-4BB7-9168-106E1EDDBB2F}"
EndProject
Global
	GlobalSection(SolutionConfigurationPlatforms) = preSolution
	Debug|Any CPU = Debug|Any CPU
	ExportDebug|Any CPU = ExportDebug|Any CPU
	ExportRelease|Any CPU = ExportRelease|Any CPU
	EndGlobalSection
	GlobalSection(ProjectConfigurationPlatforms) = postSolution
		{833D3DE4-75D0-4BB7-9168-106E1EDDBB2F}.Debug|Any CPU.ActiveCfg = Debug|Any CPU
		{833D3DE4-75D0-4BB7-9168-106E1EDDBB2F}.Debug|Any CPU.Build.0 = Debug|Any CPU
		{833D3DE4-75D0-4BB7-9168-106E1EDDBB2F}.ExportDebug|Any CPU.ActiveCfg = ExportDebug|Any CPU
		{833D3DE4-75D0-4BB7-9168-106E1EDDBB2F}.ExportDebug|Any CPU.Build.0 = ExportDebug|Any CPU
		{833D3DE4-75D0-4BB7-9168-106E1EDDBB2F}.ExportRelease|Any CPU.ActiveCfg = ExportRelease|Any CPU
		{833D3DE4-75D0-4BB7-9168-106E1EDDBB2F}.ExportRelease|Any CPU.Build.0 = ExportRelease|Any CPU
	EndGlobalSection
EndGlobal
